
Microsoft Visual Studio Solution File, Format Version 12.00
# Visual Studio Version 17
VisualStudioVersion = 17.7.33711.374
MinimumVisualStudioVersion = 10.0.40219.1
Project("{9A19103F-16F7-4668-BE54-9A1E7A4F7556}") = "BlazorRouteParameterSSR", "BlazorRouteParameterSSR\BlazorRouteParameterSSR.csproj", "{C95E2BE9-7A09-4732-A788-6489963D08B0}"
EndProject
Global
	GlobalSection(SolutionConfigurationPlatforms) = preSolution
		Debug|Any CPU = Debug|Any CPU
		Release|Any CPU = Release|Any CPU
	EndGlobalSection
	GlobalSection(ProjectConfigurationPlatforms) = postSolution
		{C95E2BE9-7A09-4732-A788-6489963D08B0}.Debug|Any CPU.ActiveCfg = Debug|Any CPU
		{C95E2BE9-7A09-4732-A788-6489963D08B0}.Debug|Any CPU.Build.0 = Debug|Any CPU
		{C95E2BE9-7A09-4732-A788-6489963D08B0}.Release|Any CPU.ActiveCfg = Release|Any CPU
		{C95E2BE9-7A09-4732-A788-6489963D08B0}.Release|Any CPU.Build.0 = Release|Any CPU
	EndGlobalSection
	GlobalSection(SolutionProperties) = preSolution
		HideSolutionNode = FALSE
	EndGlobalSection
	GlobalSection(ExtensibilityGlobals) = postSolution
		SolutionGuid = {A60CAD89-7AE5-48ED-84CC-FEE828467F9F}
	EndGlobalSection
EndGlobal
